
Microsoft Visual Studio Solution File, Format Version 12.00
# Visual Studio Version 17
VisualStudioVersion = 17.0.31903.59
MinimumVisualStudioVersion = 10.0.40219.1
Project("{2150E333-8FDC-42A3-9474-1A3956D46DE8}") = "src", "src", "{5E389930-0034-4E76-9C11-ECABE65DDE71}"
EndProject
Project("{FAE04EC0-301F-11D3-BF4B-00C04F79EFBC}") = "HarmonyWeaver.Core", "src\HarmonyWeaver.Core\HarmonyWeaver.Core.csproj", "{263E61E9-1A54-4474-AC5B-04C1BED14D5C}"
EndProject
Project("{2150E333-8FDC-42A3-9474-1A3956D46DE8}") = "examples", "examples", "{54EC62CC-A087-40CB-8017-30451E13C900}"
EndProject
Project("{FAE04EC0-301F-11D3-BF4B-00C04F79EFBC}") = "HarmonyWeaver.Examples", "examples\HarmonyWeaver.Examples\HarmonyWeaver.Examples.csproj", "{462DB421-D83C-4841-A2CC-53E0B5187097}"
EndProject
Project("{2150E333-8FDC-42A3-9474-1A3956D46DE8}") = "tests", "tests", "{E681F23E-B2B6-49EA-ABDA-9E6F7B197508}"
EndProject
Project("{FAE04EC0-301F-11D3-BF4B-00C04F79EFBC}") = "HarmonyWeaver.Tests.Patches", "tests\HarmonyWeaver.Tests.Patches\HarmonyWeaver.Tests.Patches.csproj", "{355FD292-E65E-4A03-B912-1686917F2BDE}"
EndProject
Project("{FAE04EC0-301F-11D3-BF4B-00C04F79EFBC}") = "HarmonyWeaver.Tests", "tests\HarmonyWeaver.Tests\HarmonyWeaver.Tests.csproj", "{8583BFCF-8CB1-475F-BE42-4FDEF2D3C075}"
EndProject
Global
	GlobalSection(SolutionConfigurationPlatforms) = preSolution
		Debug|Any CPU = Debug|Any CPU
		Release|Any CPU = Release|Any CPU
	EndGlobalSection
	GlobalSection(SolutionProperties) = preSolution
		HideSolutionNode = FALSE
	EndGlobalSection
	GlobalSection(ProjectConfigurationPlatforms) = postSolution
		{263E61E9-1A54-4474-AC5B-04C1BED14D5C}.Debug|Any CPU.ActiveCfg = Debug|Any CPU
		{263E61E9-1A54-4474-AC5B-04C1BED14D5C}.Debug|Any CPU.Build.0 = Debug|Any CPU
		{263E61E9-1A54-4474-AC5B-04C1BED14D5C}.Release|Any CPU.ActiveCfg = Release|Any CPU
		{263E61E9-1A54-4474-AC5B-04C1BED14D5C}.Release|Any CPU.Build.0 = Release|Any CPU
		{462DB421-D83C-4841-A2CC-53E0B5187097}.Debug|Any CPU.ActiveCfg = Debug|Any CPU
		{462DB421-D83C-4841-A2CC-53E0B5187097}.Debug|Any CPU.Build.0 = Debug|Any CPU
		{462DB421-D83C-4841-A2CC-53E0B5187097}.Release|Any CPU.ActiveCfg = Release|Any CPU
		{462DB421-D83C-4841-A2CC-53E0B5187097}.Release|Any CPU.Build.0 = Release|Any CPU
		{355FD292-E65E-4A03-B912-1686917F2BDE}.Debug|Any CPU.ActiveCfg = Debug|Any CPU
		{355FD292-E65E-4A03-B912-1686917F2BDE}.Debug|Any CPU.Build.0 = Debug|Any CPU
		{355FD292-E65E-4A03-B912-1686917F2BDE}.Release|Any CPU.ActiveCfg = Release|Any CPU
		{355FD292-E65E-4A03-B912-1686917F2BDE}.Release|Any CPU.Build.0 = Release|Any CPU
		{8583BFCF-8CB1-475F-BE42-4FDEF2D3C075}.Debug|Any CPU.ActiveCfg = Debug|Any CPU
		{8583BFCF-8CB1-475F-BE42-4FDEF2D3C075}.Debug|Any CPU.Build.0 = Debug|Any CPU
		{8583BFCF-8CB1-475F-BE42-4FDEF2D3C075}.Release|Any CPU.ActiveCfg = Release|Any CPU
		{8583BFCF-8CB1-475F-BE42-4FDEF2D3C075}.Release|Any CPU.Build.0 = Release|Any CPU
	EndGlobalSection
	GlobalSection(NestedProjects) = preSolution
		{263E61E9-1A54-4474-AC5B-04C1BED14D5C} = {5E389930-0034-4E76-9C11-ECABE65DDE71}
		{462DB421-D83C-4841-A2CC-53E0B5187097} = {54EC62CC-A087-40CB-8017-30451E13C900}
		{355FD292-E65E-4A03-B912-1686917F2BDE} = {E681F23E-B2B6-49EA-ABDA-9E6F7B197508}
		{8583BFCF-8CB1-475F-BE42-4FDEF2D3C075} = {E681F23E-B2B6-49EA-ABDA-9E6F7B197508}
	EndGlobalSection
EndGlobal
